// !$*UTF8*$!
{
	archiveVersion = 1;
	classes = {
	};
	objectVersion = 51;
	objects = {

/* Begin PBXBuildFile section */
		19CDD4A9AAFE3A2FBAC184D8 /* Pods_InstagramTests.framework in Frameworks */ = {isa = PBXBuildFile; fileRef = 2EF2D6F85746A13C79B356FD /* Pods_InstagramTests.framework */; };
		C9EEB9E86012B80D8C636893 /* Pods_Instagram.framework in Frameworks */ = {isa = PBXBuildFile; fileRef = 5276884C3E4B35A3C8AC3E4A /* Pods_Instagram.framework */; };
		EB4D07D824B79B3B00187270 /* InfiniteScrollActivityView.m in Sources */ = {isa = PBXBuildFile; fileRef = EB4D07D724B79B3B00187270 /* InfiniteScrollActivityView.m */; };
		EBDD308724B44287002D1172 /* InstaPostTableViewCell.m in Sources */ = {isa = PBXBuildFile; fileRef = EBDD308624B44287002D1172 /* InstaPostTableViewCell.m */; };
		EBDD308A24B4FBFE002D1172 /* ComposeViewController.m in Sources */ = {isa = PBXBuildFile; fileRef = EBDD308924B4FBFE002D1172 /* ComposeViewController.m */; };
		EBDD308D24B50E7C002D1172 /* Post.m in Sources */ = {isa = PBXBuildFile; fileRef = EBDD308C24B50E7C002D1172 /* Post.m */; };
		EBE40E6A24B3C87D00E24C06 /* AppDelegate.m in Sources */ = {isa = PBXBuildFile; fileRef = EBE40E6924B3C87D00E24C06 /* AppDelegate.m */; };
		EBE40E6D24B3C87D00E24C06 /* SceneDelegate.m in Sources */ = {isa = PBXBuildFile; fileRef = EBE40E6C24B3C87D00E24C06 /* SceneDelegate.m */; };
		EBE40E7024B3C87D00E24C06 /* LoginViewController.m in Sources */ = {isa = PBXBuildFile; fileRef = EBE40E6F24B3C87D00E24C06 /* LoginViewController.m */; };
		EBE40E7324B3C87D00E24C06 /* Main.storyboard in Resources */ = {isa = PBXBuildFile; fileRef = EBE40E7124B3C87D00E24C06 /* Main.storyboard */; };
		EBE40E7524B3C87E00E24C06 /* Assets.xcassets in Resources */ = {isa = PBXBuildFile; fileRef = EBE40E7424B3C87E00E24C06 /* Assets.xcassets */; };
		EBE40E7824B3C87E00E24C06 /* LaunchScreen.storyboard in Resources */ = {isa = PBXBuildFile; fileRef = EBE40E7624B3C87E00E24C06 /* LaunchScreen.storyboard */; };
		EBE40E7B24B3C87E00E24C06 /* main.m in Sources */ = {isa = PBXBuildFile; fileRef = EBE40E7A24B3C87E00E24C06 /* main.m */; };
		EBE40E8524B3C87E00E24C06 /* InstagramTests.m in Sources */ = {isa = PBXBuildFile; fileRef = EBE40E8424B3C87E00E24C06 /* InstagramTests.m */; };
		EBE40E9024B3C87E00E24C06 /* InstagramUITests.m in Sources */ = {isa = PBXBuildFile; fileRef = EBE40E8F24B3C87E00E24C06 /* InstagramUITests.m */; };
		EBE40EA024B4044400E24C06 /* SignUpViewController.m in Sources */ = {isa = PBXBuildFile; fileRef = EBE40E9F24B4044400E24C06 /* SignUpViewController.m */; };
		EBE40EA324B42C5C00E24C06 /* FeedViewController.m in Sources */ = {isa = PBXBuildFile; fileRef = EBE40EA224B42C5C00E24C06 /* FeedViewController.m */; };
		EBFABC0824B57C0400B77C22 /* PostDetailsViewController.m in Sources */ = {isa = PBXBuildFile; fileRef = EBFABC0724B57C0400B77C22 /* PostDetailsViewController.m */; };
		FC25785D62A0BE18E9367A0F /* Pods_Instagram_InstagramUITests.framework in Frameworks */ = {isa = PBXBuildFile; fileRef = E50AF3BC6560145A4640DEE9 /* Pods_Instagram_InstagramUITests.framework */; };
/* End PBXBuildFile section */

/* Begin PBXContainerItemProxy section */
		EBE40E8124B3C87E00E24C06 /* PBXContainerItemProxy */ = {
			isa = PBXContainerItemProxy;
			containerPortal = EBE40E5D24B3C87D00E24C06 /* Project object */;
			proxyType = 1;
			remoteGlobalIDString = EBE40E6424B3C87D00E24C06;
			remoteInfo = Instagram;
		};
		EBE40E8C24B3C87E00E24C06 /* PBXContainerItemProxy */ = {
			isa = PBXContainerItemProxy;
			containerPortal = EBE40E5D24B3C87D00E24C06 /* Project object */;
			proxyType = 1;
			remoteGlobalIDString = EBE40E6424B3C87D00E24C06;
			remoteInfo = Instagram;
		};
/* End PBXContainerItemProxy section */

/* Begin PBXFileReference section */
		0F2A27AADA36DC9079E5FE96 /* Pods-InstagramTests.release.xcconfig */ = {isa = PBXFileReference; includeInIndex = 1; lastKnownFileType = text.xcconfig; name = "Pods-InstagramTests.release.xcconfig"; path = "Target Support Files/Pods-InstagramTests/Pods-InstagramTests.release.xcconfig"; sourceTree = "<group>"; };
		1F0C3839864ECFD35F315085 /* Pods-Instagram.debug.xcconfig */ = {isa = PBXFileReference; includeInIndex = 1; lastKnownFileType = text.xcconfig; name = "Pods-Instagram.debug.xcconfig"; path = "Target Support Files/Pods-Instagram/Pods-Instagram.debug.xcconfig"; sourceTree = "<group>"; };
		2EF2D6F85746A13C79B356FD /* Pods_InstagramTests.framework */ = {isa = PBXFileReference; explicitFileType = wrapper.framework; includeInIndex = 0; path = Pods_InstagramTests.framework; sourceTree = BUILT_PRODUCTS_DIR; };
		5276884C3E4B35A3C8AC3E4A /* Pods_Instagram.framework */ = {isa = PBXFileReference; explicitFileType = wrapper.framework; includeInIndex = 0; path = Pods_Instagram.framework; sourceTree = BUILT_PRODUCTS_DIR; };
		57BD1741B931A1E3292434B1 /* Pods-InstagramTests.debug.xcconfig */ = {isa = PBXFileReference; includeInIndex = 1; lastKnownFileType = text.xcconfig; name = "Pods-InstagramTests.debug.xcconfig"; path = "Target Support Files/Pods-InstagramTests/Pods-InstagramTests.debug.xcconfig"; sourceTree = "<group>"; };
		64F8AEE7EEDC5AF4D8F2566F /* Pods-Instagram-InstagramUITests.debug.xcconfig */ = {isa = PBXFileReference; includeInIndex = 1; lastKnownFileType = text.xcconfig; name = "Pods-Instagram-InstagramUITests.debug.xcconfig"; path = "Target Support Files/Pods-Instagram-InstagramUITests/Pods-Instagram-InstagramUITests.debug.xcconfig"; sourceTree = "<group>"; };
		9DB7BF3A60B38F2A84F1AAE3 /* Pods-Instagram.release.xcconfig */ = {isa = PBXFileReference; includeInIndex = 1; lastKnownFileType = text.xcconfig; name = "Pods-Instagram.release.xcconfig"; path = "Target Support Files/Pods-Instagram/Pods-Instagram.release.xcconfig"; sourceTree = "<group>"; };
		E50AF3BC6560145A4640DEE9 /* Pods_Instagram_InstagramUITests.framework */ = {isa = PBXFileReference; explicitFileType = wrapper.framework; includeInIndex = 0; path = Pods_Instagram_InstagramUITests.framework; sourceTree = BUILT_PRODUCTS_DIR; };
		E7BEA5DF690088C888FFD0DD /* Pods-Instagram-InstagramUITests.release.xcconfig */ = {isa = PBXFileReference; includeInIndex = 1; lastKnownFileType = text.xcconfig; name = "Pods-Instagram-InstagramUITests.release.xcconfig"; path = "Target Support Files/Pods-Instagram-InstagramUITests/Pods-Instagram-InstagramUITests.release.xcconfig"; sourceTree = "<group>"; };
		EB4D07D624B79B3B00187270 /* InfiniteScrollActivityView.h */ = {isa = PBXFileReference; lastKnownFileType = sourcecode.c.h; path = InfiniteScrollActivityView.h; sourceTree = "<group>"; };
		EB4D07D724B79B3B00187270 /* InfiniteScrollActivityView.m */ = {isa = PBXFileReference; lastKnownFileType = sourcecode.c.objc; path = InfiniteScrollActivityView.m; sourceTree = "<group>"; };
		EBDD308524B44287002D1172 /* InstaPostTableViewCell.h */ = {isa = PBXFileReference; lastKnownFileType = sourcecode.c.h; path = InstaPostTableViewCell.h; sourceTree = "<group>"; };
		EBDD308624B44287002D1172 /* InstaPostTableViewCell.m */ = {isa = PBXFileReference; lastKnownFileType = sourcecode.c.objc; path = InstaPostTableViewCell.m; sourceTree = "<group>"; };
		EBDD308824B4FBFE002D1172 /* ComposeViewController.h */ = {isa = PBXFileReference; lastKnownFileType = sourcecode.c.h; path = ComposeViewController.h; sourceTree = "<group>"; };
		EBDD308924B4FBFE002D1172 /* ComposeViewController.m */ = {isa = PBXFileReference; lastKnownFileType = sourcecode.c.objc; path = ComposeViewController.m; sourceTree = "<group>"; };
		EBDD308B24B50E7C002D1172 /* Post.h */ = {isa = PBXFileReference; lastKnownFileType = sourcecode.c.h; path = Post.h; sourceTree = "<group>"; };
		EBDD308C24B50E7C002D1172 /* Post.m */ = {isa = PBXFileReference; lastKnownFileType = sourcecode.c.objc; path = Post.m; sourceTree = "<group>"; };
		EBE40E6524B3C87D00E24C06 /* Instagram.app */ = {isa = PBXFileReference; explicitFileType = wrapper.application; includeInIndex = 0; path = Instagram.app; sourceTree = BUILT_PRODUCTS_DIR; };
		EBE40E6824B3C87D00E24C06 /* AppDelegate.h */ = {isa = PBXFileReference; lastKnownFileType = sourcecode.c.h; path = AppDelegate.h; sourceTree = "<group>"; };
		EBE40E6924B3C87D00E24C06 /* AppDelegate.m */ = {isa = PBXFileReference; lastKnownFileType = sourcecode.c.objc; path = AppDelegate.m; sourceTree = "<group>"; };
		EBE40E6B24B3C87D00E24C06 /* SceneDelegate.h */ = {isa = PBXFileReference; lastKnownFileType = sourcecode.c.h; path = SceneDelegate.h; sourceTree = "<group>"; };
		EBE40E6C24B3C87D00E24C06 /* SceneDelegate.m */ = {isa = PBXFileReference; lastKnownFileType = sourcecode.c.objc; path = SceneDelegate.m; sourceTree = "<group>"; };
		EBE40E6E24B3C87D00E24C06 /* LoginViewController.h */ = {isa = PBXFileReference; lastKnownFileType = sourcecode.c.h; path = LoginViewController.h; sourceTree = "<group>"; };
		EBE40E6F24B3C87D00E24C06 /* LoginViewController.m */ = {isa = PBXFileReference; lastKnownFileType = sourcecode.c.objc; path = LoginViewController.m; sourceTree = "<group>"; };
		EBE40E7224B3C87D00E24C06 /* Base */ = {isa = PBXFileReference; lastKnownFileType = file.storyboard; name = Base; path = Base.lproj/Main.storyboard; sourceTree = "<group>"; };
		EBE40E7424B3C87E00E24C06 /* Assets.xcassets */ = {isa = PBXFileReference; lastKnownFileType = folder.assetcatalog; path = Assets.xcassets; sourceTree = "<group>"; };
		EBE40E7724B3C87E00E24C06 /* Base */ = {isa = PBXFileReference; lastKnownFileType = file.storyboard; name = Base; path = Base.lproj/LaunchScreen.storyboard; sourceTree = "<group>"; };
		EBE40E7924B3C87E00E24C06 /* Info.plist */ = {isa = PBXFileReference; lastKnownFileType = text.plist.xml; path = Info.plist; sourceTree = "<group>"; };
		EBE40E7A24B3C87E00E24C06 /* main.m */ = {isa = PBXFileReference; lastKnownFileType = sourcecode.c.objc; path = main.m; sourceTree = "<group>"; };
		EBE40E8024B3C87E00E24C06 /* InstagramTests.xctest */ = {isa = PBXFileReference; explicitFileType = wrapper.cfbundle; includeInIndex = 0; path = InstagramTests.xctest; sourceTree = BUILT_PRODUCTS_DIR; };
		EBE40E8424B3C87E00E24C06 /* InstagramTests.m */ = {isa = PBXFileReference; lastKnownFileType = sourcecode.c.objc; path = InstagramTests.m; sourceTree = "<group>"; };
		EBE40E8624B3C87E00E24C06 /* Info.plist */ = {isa = PBXFileReference; lastKnownFileType = text.plist.xml; path = Info.plist; sourceTree = "<group>"; };
		EBE40E8B24B3C87E00E24C06 /* InstagramUITests.xctest */ = {isa = PBXFileReference; explicitFileType = wrapper.cfbundle; includeInIndex = 0; path = InstagramUITests.xctest; sourceTree = BUILT_PRODUCTS_DIR; };
		EBE40E8F24B3C87E00E24C06 /* InstagramUITests.m */ = {isa = PBXFileReference; lastKnownFileType = sourcecode.c.objc; path = InstagramUITests.m; sourceTree = "<group>"; };
		EBE40E9124B3C87E00E24C06 /* Info.plist */ = {isa = PBXFileReference; lastKnownFileType = text.plist.xml; path = Info.plist; sourceTree = "<group>"; };
		EBE40E9E24B4044400E24C06 /* SignUpViewController.h */ = {isa = PBXFileReference; lastKnownFileType = sourcecode.c.h; path = SignUpViewController.h; sourceTree = "<group>"; };
		EBE40E9F24B4044400E24C06 /* SignUpViewController.m */ = {isa = PBXFileReference; lastKnownFileType = sourcecode.c.objc; path = SignUpViewController.m; sourceTree = "<group>"; };
		EBE40EA124B42C5C00E24C06 /* FeedViewController.h */ = {isa = PBXFileReference; lastKnownFileType = sourcecode.c.h; path = FeedViewController.h; sourceTree = "<group>"; };
		EBE40EA224B42C5C00E24C06 /* FeedViewController.m */ = {isa = PBXFileReference; lastKnownFileType = sourcecode.c.objc; path = FeedViewController.m; sourceTree = "<group>"; };
		EBFABC0624B57C0400B77C22 /* PostDetailsViewController.h */ = {isa = PBXFileReference; lastKnownFileType = sourcecode.c.h; path = PostDetailsViewController.h; sourceTree = "<group>"; };
		EBFABC0724B57C0400B77C22 /* PostDetailsViewController.m */ = {isa = PBXFileReference; lastKnownFileType = sourcecode.c.objc; path = PostDetailsViewController.m; sourceTree = "<group>"; };
/* End PBXFileReference section */

/* Begin PBXFrameworksBuildPhase section */
		EBE40E6224B3C87D00E24C06 /* Frameworks */ = {
			isa = PBXFrameworksBuildPhase;
			buildActionMask = 2147483647;
			files = (
				C9EEB9E86012B80D8C636893 /* Pods_Instagram.framework in Frameworks */,
			);
			runOnlyForDeploymentPostprocessing = 0;
		};
		EBE40E7D24B3C87E00E24C06 /* Frameworks */ = {
			isa = PBXFrameworksBuildPhase;
			buildActionMask = 2147483647;
			files = (
				19CDD4A9AAFE3A2FBAC184D8 /* Pods_InstagramTests.framework in Frameworks */,
			);
			runOnlyForDeploymentPostprocessing = 0;
		};
		EBE40E8824B3C87E00E24C06 /* Frameworks */ = {
			isa = PBXFrameworksBuildPhase;
			buildActionMask = 2147483647;
			files = (
				FC25785D62A0BE18E9367A0F /* Pods_Instagram_InstagramUITests.framework in Frameworks */,
			);
			runOnlyForDeploymentPostprocessing = 0;
		};
/* End PBXFrameworksBuildPhase section */

/* Begin PBXGroup section */
		39E5CDE89C7D467FE49CE993 /* Pods */ = {
			isa = PBXGroup;
			children = (
				1F0C3839864ECFD35F315085 /* Pods-Instagram.debug.xcconfig */,
				9DB7BF3A60B38F2A84F1AAE3 /* Pods-Instagram.release.xcconfig */,
				64F8AEE7EEDC5AF4D8F2566F /* Pods-Instagram-InstagramUITests.debug.xcconfig */,
				E7BEA5DF690088C888FFD0DD /* Pods-Instagram-InstagramUITests.release.xcconfig */,
				57BD1741B931A1E3292434B1 /* Pods-InstagramTests.debug.xcconfig */,
				0F2A27AADA36DC9079E5FE96 /* Pods-InstagramTests.release.xcconfig */,
			);
			path = Pods;
			sourceTree = "<group>";
		};
		7928437847694F2077DEA959 /* Frameworks */ = {
			isa = PBXGroup;
			children = (
				5276884C3E4B35A3C8AC3E4A /* Pods_Instagram.framework */,
				E50AF3BC6560145A4640DEE9 /* Pods_Instagram_InstagramUITests.framework */,
				2EF2D6F85746A13C79B356FD /* Pods_InstagramTests.framework */,
			);
			name = Frameworks;
			sourceTree = "<group>";
		};
		EBDD308424B44249002D1172 /* Cells */ = {
			isa = PBXGroup;
			children = (
				EBDD308524B44287002D1172 /* InstaPostTableViewCell.h */,
				EBDD308624B44287002D1172 /* InstaPostTableViewCell.m */,
			);
			path = Cells;
			sourceTree = "<group>";
		};
		EBDD308E24B50E87002D1172 /* Models */ = {
			isa = PBXGroup;
			children = (
				EBDD308B24B50E7C002D1172 /* Post.h */,
				EBDD308C24B50E7C002D1172 /* Post.m */,
			);
			path = Models;
			sourceTree = "<group>";
		};
		EBE40E5C24B3C87D00E24C06 = {
			isa = PBXGroup;
			children = (
				EBE40E6724B3C87D00E24C06 /* Instagram */,
				EBE40E8324B3C87E00E24C06 /* InstagramTests */,
				EBE40E8E24B3C87E00E24C06 /* InstagramUITests */,
				EBE40E6624B3C87D00E24C06 /* Products */,
				39E5CDE89C7D467FE49CE993 /* Pods */,
				7928437847694F2077DEA959 /* Frameworks */,
			);
			sourceTree = "<group>";
		};
		EBE40E6624B3C87D00E24C06 /* Products */ = {
			isa = PBXGroup;
			children = (
				EBE40E6524B3C87D00E24C06 /* Instagram.app */,
				EBE40E8024B3C87E00E24C06 /* InstagramTests.xctest */,
				EBE40E8B24B3C87E00E24C06 /* InstagramUITests.xctest */,
			);
			name = Products;
			sourceTree = "<group>";
		};
		EBE40E6724B3C87D00E24C06 /* Instagram */ = {
			isa = PBXGroup;
			children = (
				EBDD308E24B50E87002D1172 /* Models */,
				EBDD308424B44249002D1172 /* Cells */,
				EBE40E9D24B4042000E24C06 /* View Controllers */,
				EBE40E6824B3C87D00E24C06 /* AppDelegate.h */,
				EBE40E6924B3C87D00E24C06 /* AppDelegate.m */,
				EBE40E6B24B3C87D00E24C06 /* SceneDelegate.h */,
				EBE40E6C24B3C87D00E24C06 /* SceneDelegate.m */,
				EBE40E7124B3C87D00E24C06 /* Main.storyboard */,
				EBE40E7424B3C87E00E24C06 /* Assets.xcassets */,
				EBE40E7624B3C87E00E24C06 /* LaunchScreen.storyboard */,
				EBE40E7924B3C87E00E24C06 /* Info.plist */,
				EBE40E7A24B3C87E00E24C06 /* main.m */,
				EB4D07D624B79B3B00187270 /* InfiniteScrollActivityView.h */,
				EB4D07D724B79B3B00187270 /* InfiniteScrollActivityView.m */,
			);
			path = Instagram;
			sourceTree = "<group>";
		};
		EBE40E8324B3C87E00E24C06 /* InstagramTests */ = {
			isa = PBXGroup;
			children = (
				EBE40E8424B3C87E00E24C06 /* InstagramTests.m */,
				EBE40E8624B3C87E00E24C06 /* Info.plist */,
			);
			path = InstagramTests;
			sourceTree = "<group>";
		};
		EBE40E8E24B3C87E00E24C06 /* InstagramUITests */ = {
			isa = PBXGroup;
			children = (
				EBE40E8F24B3C87E00E24C06 /* InstagramUITests.m */,
				EBE40E9124B3C87E00E24C06 /* Info.plist */,
			);
			path = InstagramUITests;
			sourceTree = "<group>";
		};
		EBE40E9D24B4042000E24C06 /* View Controllers */ = {
			isa = PBXGroup;
			children = (
				EBE40E6E24B3C87D00E24C06 /* LoginViewController.h */,
				EBE40E6F24B3C87D00E24C06 /* LoginViewController.m */,
				EBE40E9E24B4044400E24C06 /* SignUpViewController.h */,
				EBE40E9F24B4044400E24C06 /* SignUpViewController.m */,
				EBE40EA124B42C5C00E24C06 /* FeedViewController.h */,
				EBE40EA224B42C5C00E24C06 /* FeedViewController.m */,
				EBDD308824B4FBFE002D1172 /* ComposeViewController.h */,
				EBDD308924B4FBFE002D1172 /* ComposeViewController.m */,
				EBFABC0624B57C0400B77C22 /* PostDetailsViewController.h */,
				EBFABC0724B57C0400B77C22 /* PostDetailsViewController.m */,
			);
			path = "View Controllers";
			sourceTree = "<group>";
		};
/* End PBXGroup section */

/* Begin PBXNativeTarget section */
		EBE40E6424B3C87D00E24C06 /* Instagram */ = {
			isa = PBXNativeTarget;
			buildConfigurationList = EBE40E9424B3C87E00E24C06 /* Build configuration list for PBXNativeTarget "Instagram" */;
			buildPhases = (
				499073461A3C734174EC89EF /* [CP] Check Pods Manifest.lock */,
				EBE40E6124B3C87D00E24C06 /* Sources */,
				EBE40E6224B3C87D00E24C06 /* Frameworks */,
				EBE40E6324B3C87D00E24C06 /* Resources */,
				0FAE5107700C94156B60F7A5 /* [CP] Embed Pods Frameworks */,
			);
			buildRules = (
			);
			dependencies = (
			);
			name = Instagram;
			productName = Instagram;
			productReference = EBE40E6524B3C87D00E24C06 /* Instagram.app */;
			productType = "com.apple.product-type.application";
		};
		EBE40E7F24B3C87E00E24C06 /* InstagramTests */ = {
			isa = PBXNativeTarget;
			buildConfigurationList = EBE40E9724B3C87E00E24C06 /* Build configuration list for PBXNativeTarget "InstagramTests" */;
			buildPhases = (
				6CFBA4AD36F6861FE3647F96 /* [CP] Check Pods Manifest.lock */,
				EBE40E7C24B3C87E00E24C06 /* Sources */,
				EBE40E7D24B3C87E00E24C06 /* Frameworks */,
				EBE40E7E24B3C87E00E24C06 /* Resources */,
			);
			buildRules = (
			);
			dependencies = (
				EBE40E8224B3C87E00E24C06 /* PBXTargetDependency */,
			);
			name = InstagramTests;
			productName = InstagramTests;
			productReference = EBE40E8024B3C87E00E24C06 /* InstagramTests.xctest */;
			productType = "com.apple.product-type.bundle.unit-test";
		};
		EBE40E8A24B3C87E00E24C06 /* InstagramUITests */ = {
			isa = PBXNativeTarget;
			buildConfigurationList = EBE40E9A24B3C87E00E24C06 /* Build configuration list for PBXNativeTarget "InstagramUITests" */;
			buildPhases = (
				AC7F769D4E4907273ED17326 /* [CP] Check Pods Manifest.lock */,
				EBE40E8724B3C87E00E24C06 /* Sources */,
				EBE40E8824B3C87E00E24C06 /* Frameworks */,
				EBE40E8924B3C87E00E24C06 /* Resources */,
				23B6117FBD20ABB74A30A51E /* [CP] Embed Pods Frameworks */,
			);
			buildRules = (
			);
			dependencies = (
				EBE40E8D24B3C87E00E24C06 /* PBXTargetDependency */,
			);
			name = InstagramUITests;
			productName = InstagramUITests;
			productReference = EBE40E8B24B3C87E00E24C06 /* InstagramUITests.xctest */;
			productType = "com.apple.product-type.bundle.ui-testing";
		};
/* End PBXNativeTarget section */

/* Begin PBXProject section */
		EBE40E5D24B3C87D00E24C06 /* Project object */ = {
			isa = PBXProject;
			attributes = {
				LastUpgradeCheck = 1150;
				ORGANIZATIONNAME = "Fabiola E. Robles Vega";
				TargetAttributes = {
					EBE40E6424B3C87D00E24C06 = {
						CreatedOnToolsVersion = 11.5;
					};
					EBE40E7F24B3C87E00E24C06 = {
						CreatedOnToolsVersion = 11.5;
						TestTargetID = EBE40E6424B3C87D00E24C06;
					};
					EBE40E8A24B3C87E00E24C06 = {
						CreatedOnToolsVersion = 11.5;
						TestTargetID = EBE40E6424B3C87D00E24C06;
					};
				};
			};
			buildConfigurationList = EBE40E6024B3C87D00E24C06 /* Build configuration list for PBXProject "Instagram" */;
			compatibilityVersion = "Xcode 9.3";
			developmentRegion = en;
			hasScannedForEncodings = 0;
			knownRegions = (
				en,
				Base,
			);
			mainGroup = EBE40E5C24B3C87D00E24C06;
			productRefGroup = EBE40E6624B3C87D00E24C06 /* Products */;
			projectDirPath = "";
			projectRoot = "";
			targets = (
				EBE40E6424B3C87D00E24C06 /* Instagram */,
				EBE40E7F24B3C87E00E24C06 /* InstagramTests */,
				EBE40E8A24B3C87E00E24C06 /* InstagramUITests */,
			);
		};
/* End PBXProject section */

/* Begin PBXResourcesBuildPhase section */
		EBE40E6324B3C87D00E24C06 /* Resources */ = {
			isa = PBXResourcesBuildPhase;
			buildActionMask = 2147483647;
			files = (
				EBE40E7824B3C87E00E24C06 /* LaunchScreen.storyboard in Resources */,
				EBE40E7524B3C87E00E24C06 /* Assets.xcassets in Resources */,
				EBE40E7324B3C87D00E24C06 /* Main.storyboard in Resources */,
			);
			runOnlyForDeploymentPostprocessing = 0;
		};
		EBE40E7E24B3C87E00E24C06 /* Resources */ = {
			isa = PBXResourcesBuildPhase;
			buildActionMask = 2147483647;
			files = (
			);
			runOnlyForDeploymentPostprocessing = 0;
		};
		EBE40E8924B3C87E00E24C06 /* Resources */ = {
			isa = PBXResourcesBuildPhase;
			buildActionMask = 2147483647;
			files = (
			);
			runOnlyForDeploymentPostprocessing = 0;
		};
/* End PBXResourcesBuildPhase section */

/* Begin PBXShellScriptBuildPhase section */
		0FAE5107700C94156B60F7A5 /* [CP] Embed Pods Frameworks */ = {
			isa = PBXShellScriptBuildPhase;
			buildActionMask = 2147483647;
			files = (
			);
			inputFileListPaths = (
				"${PODS_ROOT}/Target Support Files/Pods-Instagram/Pods-Instagram-frameworks-${CONFIGURATION}-input-files.xcfilelist",
			);
			name = "[CP] Embed Pods Frameworks";
			outputFileListPaths = (
				"${PODS_ROOT}/Target Support Files/Pods-Instagram/Pods-Instagram-frameworks-${CONFIGURATION}-output-files.xcfilelist",
			);
			runOnlyForDeploymentPostprocessing = 0;
			shellPath = /bin/sh;
			shellScript = "\"${PODS_ROOT}/Target Support Files/Pods-Instagram/Pods-Instagram-frameworks.sh\"\n";
			showEnvVarsInLog = 0;
		};
		23B6117FBD20ABB74A30A51E /* [CP] Embed Pods Frameworks */ = {
			isa = PBXShellScriptBuildPhase;
			buildActionMask = 2147483647;
			files = (
			);
			inputFileListPaths = (
				"${PODS_ROOT}/Target Support Files/Pods-Instagram-InstagramUITests/Pods-Instagram-InstagramUITests-frameworks-${CONFIGURATION}-input-files.xcfilelist",
			);
			name = "[CP] Embed Pods Frameworks";
			outputFileListPaths = (
				"${PODS_ROOT}/Target Support Files/Pods-Instagram-InstagramUITests/Pods-Instagram-InstagramUITests-frameworks-${CONFIGURATION}-output-files.xcfilelist",
			);
			runOnlyForDeploymentPostprocessing = 0;
			shellPath = /bin/sh;
			shellScript = "\"${PODS_ROOT}/Target Support Files/Pods-Instagram-InstagramUITests/Pods-Instagram-InstagramUITests-frameworks.sh\"\n";
			showEnvVarsInLog = 0;
		};
		499073461A3C734174EC89EF /* [CP] Check Pods Manifest.lock */ = {
			isa = PBXShellScriptBuildPhase;
			buildActionMask = 2147483647;
			files = (
			);
			inputFileListPaths = (
			);
			inputPaths = (
				"${PODS_PODFILE_DIR_PATH}/Podfile.lock",
				"${PODS_ROOT}/Manifest.lock",
			);
			name = "[CP] Check Pods Manifest.lock";
			outputFileListPaths = (
			);
			outputPaths = (
				"$(DERIVED_FILE_DIR)/Pods-Instagram-checkManifestLockResult.txt",
			);
			runOnlyForDeploymentPostprocessing = 0;
			shellPath = /bin/sh;
			shellScript = "diff \"${PODS_PODFILE_DIR_PATH}/Podfile.lock\" \"${PODS_ROOT}/Manifest.lock\" > /dev/null\nif [ $? != 0 ] ; then\n    # print error to STDERR\n    echo \"error: The sandbox is not in sync with the Podfile.lock. Run 'pod install' or update your CocoaPods installation.\" >&2\n    exit 1\nfi\n# This output is used by Xcode 'outputs' to avoid re-running this script phase.\necho \"SUCCESS\" > \"${SCRIPT_OUTPUT_FILE_0}\"\n";
			showEnvVarsInLog = 0;
		};
		6CFBA4AD36F6861FE3647F96 /* [CP] Check Pods Manifest.lock */ = {
			isa = PBXShellScriptBuildPhase;
			buildActionMask = 2147483647;
			files = (
			);
			inputFileListPaths = (
			);
			inputPaths = (
				"${PODS_PODFILE_DIR_PATH}/Podfile.lock",
				"${PODS_ROOT}/Manifest.lock",
			);
			name = "[CP] Check Pods Manifest.lock";
			outputFileListPaths = (
			);
			outputPaths = (
				"$(DERIVED_FILE_DIR)/Pods-InstagramTests-checkManifestLockResult.txt",
			);
			runOnlyForDeploymentPostprocessing = 0;
			shellPath = /bin/sh;
			shellScript = "diff \"${PODS_PODFILE_DIR_PATH}/Podfile.lock\" \"${PODS_ROOT}/Manifest.lock\" > /dev/null\nif [ $? != 0 ] ; then\n    # print error to STDERR\n    echo \"error: The sandbox is not in sync with the Podfile.lock. Run 'pod install' or update your CocoaPods installation.\" >&2\n    exit 1\nfi\n# This output is used by Xcode 'outputs' to avoid re-running this script phase.\necho \"SUCCESS\" > \"${SCRIPT_OUTPUT_FILE_0}\"\n";
			showEnvVarsInLog = 0;
		};
		AC7F769D4E4907273ED17326 /* [CP] Check Pods Manifest.lock */ = {
			isa = PBXShellScriptBuildPhase;
			buildActionMask = 2147483647;
			files = (
			);
			inputFileListPaths = (
			);
			inputPaths = (
				"${PODS_PODFILE_DIR_PATH}/Podfile.lock",
				"${PODS_ROOT}/Manifest.lock",
			);
			name = "[CP] Check Pods Manifest.lock";
			outputFileListPaths = (
			);
			outputPaths = (
				"$(DERIVED_FILE_DIR)/Pods-Instagram-InstagramUITests-checkManifestLockResult.txt",
			);
			runOnlyForDeploymentPostprocessing = 0;
			shellPath = /bin/sh;
			shellScript = "diff \"${PODS_PODFILE_DIR_PATH}/Podfile.lock\" \"${PODS_ROOT}/Manifest.lock\" > /dev/null\nif [ $? != 0 ] ; then\n    # print error to STDERR\n    echo \"error: The sandbox is not in sync with the Podfile.lock. Run 'pod install' or update your CocoaPods installation.\" >&2\n    exit 1\nfi\n# This output is used by Xcode 'outputs' to avoid re-running this script phase.\necho \"SUCCESS\" > \"${SCRIPT_OUTPUT_FILE_0}\"\n";
			showEnvVarsInLog = 0;
		};
/* End PBXShellScriptBuildPhase section */

/* Begin PBXSourcesBuildPhase section */
		EBE40E6124B3C87D00E24C06 /* Sources */ = {
			isa = PBXSourcesBuildPhase;
			buildActionMask = 2147483647;
			files = (
				EBDD308724B44287002D1172 /* InstaPostTableViewCell.m in Sources */,
				EBE40E7024B3C87D00E24C06 /* LoginViewController.m in Sources */,
				EBE40EA024B4044400E24C06 /* SignUpViewController.m in Sources */,
				EBE40E6A24B3C87D00E24C06 /* AppDelegate.m in Sources */,
				EBDD308D24B50E7C002D1172 /* Post.m in Sources */,
				EBE40E7B24B3C87E00E24C06 /* main.m in Sources */,
				EBE40EA324B42C5C00E24C06 /* FeedViewController.m in Sources */,
				EBFABC0824B57C0400B77C22 /* PostDetailsViewController.m in Sources */,
				EB4D07D824B79B3B00187270 /* InfiniteScrollActivityView.m in Sources */,
				EBE40E6D24B3C87D00E24C06 /* SceneDelegate.m in Sources */,
				EBDD308A24B4FBFE002D1172 /* ComposeViewController.m in Sources */,
			);
			runOnlyForDeploymentPostprocessing = 0;
		};
		EBE40E7C24B3C87E00E24C06 /* Sources */ = {
			isa = PBXSourcesBuildPhase;
			buildActionMask = 2147483647;
			files = (
				EBE40E8524B3C87E00E24C06 /* InstagramTests.m in Sources */,
			);
			runOnlyForDeploymentPostprocessing = 0;
		};
		EBE40E8724B3C87E00E24C06 /* Sources */ = {
			isa = PBXSourcesBuildPhase;
			buildActionMask = 2147483647;
			files = (
				EBE40E9024B3C87E00E24C06 /* InstagramUITests.m in Sources */,
			);
			runOnlyForDeploymentPostprocessing = 0;
		};
/* End PBXSourcesBuildPhase section */

/* Begin PBXTargetDependency section */
		EBE40E8224B3C87E00E24C06 /* PBXTargetDependency */ = {
			isa = PBXTargetDependency;
			target = EBE40E6424B3C87D00E24C06 /* Instagram */;
			targetProxy = EBE40E8124B3C87E00E24C06 /* PBXContainerItemProxy */;
		};
		EBE40E8D24B3C87E00E24C06 /* PBXTargetDependency */ = {
			isa = PBXTargetDependency;
			target = EBE40E6424B3C87D00E24C06 /* Instagram */;
			targetProxy = EBE40E8C24B3C87E00E24C06 /* PBXContainerItemProxy */;
		};
/* End PBXTargetDependency section */

/* Begin PBXVariantGroup section */
		EBE40E7124B3C87D00E24C06 /* Main.storyboard */ = {
			isa = PBXVariantGroup;
			children = (
				EBE40E7224B3C87D00E24C06 /* Base */,
			);
			name = Main.storyboard;
			sourceTree = "<group>";
		};
		EBE40E7624B3C87E00E24C06 /* LaunchScreen.storyboard */ = {
			isa = PBXVariantGroup;
			children = (
				EBE40E7724B3C87E00E24C06 /* Base */,
			);
			name = LaunchScreen.storyboard;
			sourceTree = "<group>";
		};
/* End PBXVariantGroup section */

/* Begin XCBuildConfiguration section */
		EBE40E9224B3C87E00E24C06 /* Debug */ = {
			isa = XCBuildConfiguration;
			buildSettings = {
				ALWAYS_SEARCH_USER_PATHS = NO;
				CLANG_ANALYZER_NONNULL = YES;
				CLANG_ANALYZER_NUMBER_OBJECT_CONVERSION = YES_AGGRESSIVE;
				CLANG_CXX_LANGUAGE_STANDARD = "gnu++14";
				CLANG_CXX_LIBRARY = "libc++";
				CLANG_ENABLE_MODULES = YES;
				CLANG_ENABLE_OBJC_ARC = YES;
				CLANG_ENABLE_OBJC_WEAK = YES;
				CLANG_WARN_BLOCK_CAPTURE_AUTORELEASING = YES;
				CLANG_WARN_BOOL_CONVERSION = YES;
				CLANG_WARN_COMMA = YES;
				CLANG_WARN_CONSTANT_CONVERSION = YES;
				CLANG_WARN_DEPRECATED_OBJC_IMPLEMENTATIONS = YES;
				CLANG_WARN_DIRECT_OBJC_ISA_USAGE = YES_ERROR;
				CLANG_WARN_DOCUMENTATION_COMMENTS = YES;
				CLANG_WARN_EMPTY_BODY = YES;
				CLANG_WARN_ENUM_CONVERSION = YES;
				CLANG_WARN_INFINITE_RECURSION = YES;
				CLANG_WARN_INT_CONVERSION = YES;
				CLANG_WARN_NON_LITERAL_NULL_CONVERSION = YES;
				CLANG_WARN_OBJC_IMPLICIT_RETAIN_SELF = YES;
				CLANG_WARN_OBJC_LITERAL_CONVERSION = YES;
				CLANG_WARN_OBJC_ROOT_CLASS = YES_ERROR;
				CLANG_WARN_RANGE_LOOP_ANALYSIS = YES;
				CLANG_WARN_STRICT_PROTOTYPES = YES;
				CLANG_WARN_SUSPICIOUS_MOVE = YES;
				CLANG_WARN_UNGUARDED_AVAILABILITY = YES_AGGRESSIVE;
				CLANG_WARN_UNREACHABLE_CODE = YES;
				CLANG_WARN__DUPLICATE_METHOD_MATCH = YES;
				COPY_PHASE_STRIP = NO;
				DEBUG_INFORMATION_FORMAT = dwarf;
				ENABLE_STRICT_OBJC_MSGSEND = YES;
				ENABLE_TESTABILITY = YES;
				GCC_C_LANGUAGE_STANDARD = gnu11;
				GCC_DYNAMIC_NO_PIC = NO;
				GCC_NO_COMMON_BLOCKS = YES;
				GCC_OPTIMIZATION_LEVEL = 0;
				GCC_PREPROCESSOR_DEFINITIONS = (
					"DEBUG=1",
					"$(inherited)",
				);
				GCC_WARN_64_TO_32_BIT_CONVERSION = YES;
				GCC_WARN_ABOUT_RETURN_TYPE = YES_ERROR;
				GCC_WARN_UNDECLARED_SELECTOR = YES;
				GCC_WARN_UNINITIALIZED_AUTOS = YES_AGGRESSIVE;
				GCC_WARN_UNUSED_FUNCTION = YES;
				GCC_WARN_UNUSED_VARIABLE = YES;
				IPHONEOS_DEPLOYMENT_TARGET = 13.5;
				MTL_ENABLE_DEBUG_INFO = INCLUDE_SOURCE;
				MTL_FAST_MATH = YES;
				ONLY_ACTIVE_ARCH = YES;
				SDKROOT = iphoneos;
			};
			name = Debug;
		};
		EBE40E9324B3C87E00E24C06 /* Release */ = {
			isa = XCBuildConfiguration;
			buildSettings = {
				ALWAYS_SEARCH_USER_PATHS = NO;
				CLANG_ANALYZER_NONNULL = YES;
				CLANG_ANALYZER_NUMBER_OBJECT_CONVERSION = YES_AGGRESSIVE;
				CLANG_CXX_LANGUAGE_STANDARD = "gnu++14";
				CLANG_CXX_LIBRARY = "libc++";
				CLANG_ENABLE_MODULES = YES;
				CLANG_ENABLE_OBJC_ARC = YES;
				CLANG_ENABLE_OBJC_WEAK = YES;
				CLANG_WARN_BLOCK_CAPTURE_AUTORELEASING = YES;
				CLANG_WARN_BOOL_CONVERSION = YES;
				CLANG_WARN_COMMA = YES;
				CLANG_WARN_CONSTANT_CONVERSION = YES;
				CLANG_WARN_DEPRECATED_OBJC_IMPLEMENTATIONS = YES;
				CLANG_WARN_DIRECT_OBJC_ISA_USAGE = YES_ERROR;
				CLANG_WARN_DOCUMENTATION_COMMENTS = YES;
				CLANG_WARN_EMPTY_BODY = YES;
				CLANG_WARN_ENUM_CONVERSION = YES;
				CLANG_WARN_INFINITE_RECURSION = YES;
				CLANG_WARN_INT_CONVERSION = YES;
				CLANG_WARN_NON_LITERAL_NULL_CONVERSION = YES;
				CLANG_WARN_OBJC_IMPLICIT_RETAIN_SELF = YES;
				CLANG_WARN_OBJC_LITERAL_CONVERSION = YES;
				CLANG_WARN_OBJC_ROOT_CLASS = YES_ERROR;
				CLANG_WARN_RANGE_LOOP_ANALYSIS = YES;
				CLANG_WARN_STRICT_PROTOTYPES = YES;
				CLANG_WARN_SUSPICIOUS_MOVE = YES;
				CLANG_WARN_UNGUARDED_AVAILABILITY = YES_AGGRESSIVE;
				CLANG_WARN_UNREACHABLE_CODE = YES;
				CLANG_WARN__DUPLICATE_METHOD_MATCH = YES;
				COPY_PHASE_STRIP = NO;
				DEBUG_INFORMATION_FORMAT = "dwarf-with-dsym";
				ENABLE_NS_ASSERTIONS = NO;
				ENABLE_STRICT_OBJC_MSGSEND = YES;
				GCC_C_LANGUAGE_STANDARD = gnu11;
				GCC_NO_COMMON_BLOCKS = YES;
				GCC_WARN_64_TO_32_BIT_CONVERSION = YES;
				GCC_WARN_ABOUT_RETURN_TYPE = YES_ERROR;
				GCC_WARN_UNDECLARED_SELECTOR = YES;
				GCC_WARN_UNINITIALIZED_AUTOS = YES_AGGRESSIVE;
				GCC_WARN_UNUSED_FUNCTION = YES;
				GCC_WARN_UNUSED_VARIABLE = YES;
				IPHONEOS_DEPLOYMENT_TARGET = 13.5;
				MTL_ENABLE_DEBUG_INFO = NO;
				MTL_FAST_MATH = YES;
				SDKROOT = iphoneos;
				VALIDATE_PRODUCT = YES;
			};
			name = Release;
		};
		EBE40E9524B3C87E00E24C06 /* Debug */ = {
			isa = XCBuildConfiguration;
			baseConfigurationReference = 1F0C3839864ECFD35F315085 /* Pods-Instagram.debug.xcconfig */;
			buildSettings = {
				ASSETCATALOG_COMPILER_APPICON_NAME = AppIcon;
				CODE_SIGN_STYLE = Automatic;
				DEVELOPMENT_TEAM = 9STP6M4864;
				INFOPLIST_FILE = Instagram/Info.plist;
				LD_RUNPATH_SEARCH_PATHS = (
					"$(inherited)",
					"@executable_path/Frameworks",
				);
				PRODUCT_BUNDLE_IDENTIFIER = com.fabiolarobles19.Instagram;
				PRODUCT_NAME = "$(TARGET_NAME)";
				TARGETED_DEVICE_FAMILY = "1,2";
			};
			name = Debug;
		};
		EBE40E9624B3C87E00E24C06 /* Release */ = {
			isa = XCBuildConfiguration;
			baseConfigurationReference = 9DB7BF3A60B38F2A84F1AAE3 /* Pods-Instagram.release.xcconfig */;
			buildSettings = {
				ASSETCATALOG_COMPILER_APPICON_NAME = AppIcon;
				CODE_SIGN_STYLE = Automatic;
				DEVELOPMENT_TEAM = 9STP6M4864;
				INFOPLIST_FILE = Instagram/Info.plist;
				LD_RUNPATH_SEARCH_PATHS = (
					"$(inherited)",
					"@executable_path/Frameworks",
				);
				PRODUCT_BUNDLE_IDENTIFIER = com.fabiolarobles19.Instagram;
				PRODUCT_NAME = "$(TARGET_NAME)";
				TARGETED_DEVICE_FAMILY = "1,2";
			};
			name = Release;
		};
		EBE40E9824B3C87E00E24C06 /* Debug */ = {
			isa = XCBuildConfiguration;
			baseConfigurationReference = 57BD1741B931A1E3292434B1 /* Pods-InstagramTests.debug.xcconfig */;
			buildSettings = {
				BUNDLE_LOADER = "$(TEST_HOST)";
				CODE_SIGN_STYLE = Automatic;
				INFOPLIST_FILE = InstagramTests/Info.plist;
				IPHONEOS_DEPLOYMENT_TARGET = 13.5;
				LD_RUNPATH_SEARCH_PATHS = (
					"$(inherited)",
					"@executable_path/Frameworks",
					"@loader_path/Frameworks",
				);
				PRODUCT_BUNDLE_IDENTIFIER = com.fabiolarobles19.InstagramTests;
				PRODUCT_NAME = "$(TARGET_NAME)";
				TARGETED_DEVICE_FAMILY = "1,2";
				TEST_HOST = "$(BUILT_PRODUCTS_DIR)/Instagram.app/Instagram";
			};
			name = Debug;
		};
		EBE40E9924B3C87E00E24C06 /* Release */ = {
			isa = XCBuildConfiguration;
			baseConfigurationReference = 0F2A27AADA36DC9079E5FE96 /* Pods-InstagramTests.release.xcconfig */;
			buildSettings = {
				BUNDLE_LOADER = "$(TEST_HOST)";
				CODE_SIGN_STYLE = Automatic;
				INFOPLIST_FILE = InstagramTests/Info.plist;
				IPHONEOS_DEPLOYMENT_TARGET = 13.5;
				LD_RUNPATH_SEARCH_PATHS = (
					"$(inherited)",
					"@executable_path/Frameworks",
					"@loader_path/Frameworks",
				);
				PRODUCT_BUNDLE_IDENTIFIER = com.fabiolarobles19.InstagramTests;
				PRODUCT_NAME = "$(TARGET_NAME)";
				TARGETED_DEVICE_FAMILY = "1,2";
				TEST_HOST = "$(BUILT_PRODUCTS_DIR)/Instagram.app/Instagram";
			};
			name = Release;
		};
		EBE40E9B24B3C87E00E24C06 /* Debug */ = {
			isa = XCBuildConfiguration;
			baseConfigurationReference = 64F8AEE7EEDC5AF4D8F2566F /* Pods-Instagram-InstagramUITests.debug.xcconfig */;
			buildSettings = {
				CODE_SIGN_STYLE = Automatic;
				INFOPLIST_FILE = InstagramUITests/Info.plist;
				LD_RUNPATH_SEARCH_PATHS = (
					"$(inherited)",
					"@executable_path/Frameworks",
					"@loader_path/Frameworks",
				);
				PRODUCT_BUNDLE_IDENTIFIER = com.fabiolarobles19.InstagramUITests;
				PRODUCT_NAME = "$(TARGET_NAME)";
				TARGETED_DEVICE_FAMILY = "1,2";
				TEST_TARGET_NAME = Instagram;
			};
			name = Debug;
		};
		EBE40E9C24B3C87E00E24C06 /* Release */ = {
			isa = XCBuildConfiguration;
			baseConfigurationReference = E7BEA5DF690088C888FFD0DD /* Pods-Instagram-InstagramUITests.release.xcconfig */;
			buildSettings = {
				CODE_SIGN_STYLE = Automatic;
				INFOPLIST_FILE = InstagramUITests/Info.plist;
				LD_RUNPATH_SEARCH_PATHS = (
					"$(inherited)",
					"@executable_path/Frameworks",
					"@loader_path/Frameworks",
				);
				PRODUCT_BUNDLE_IDENTIFIER = com.fabiolarobles19.InstagramUITests;
				PRODUCT_NAME = "$(TARGET_NAME)";
				TARGETED_DEVICE_FAMILY = "1,2";
				TEST_TARGET_NAME = Instagram;
			};
			name = Release;
		};
/* End XCBuildConfiguration section */

/* Begin XCConfigurationList section */
		EBE40E6024B3C87D00E24C06 /* Build configuration list for PBXProject "Instagram" */ = {
			isa = XCConfigurationList;
			buildConfigurations = (
				EBE40E9224B3C87E00E24C06 /* Debug */,
				EBE40E9324B3C87E00E24C06 /* Release */,
			);
			defaultConfigurationIsVisible = 0;
			defaultConfigurationName = Release;
		};
		EBE40E9424B3C87E00E24C06 /* Build configuration list for PBXNativeTarget "Instagram" */ = {
			isa = XCConfigurationList;
			buildConfigurations = (
				EBE40E9524B3C87E00E24C06 /* Debug */,
				EBE40E9624B3C87E00E24C06 /* Release */,
			);
			defaultConfigurationIsVisible = 0;
			defaultConfigurationName = Release;
		};
		EBE40E9724B3C87E00E24C06 /* Build configuration list for PBXNativeTarget "InstagramTests" */ = {
			isa = XCConfigurationList;
			buildConfigurations = (
				EBE40E9824B3C87E00E24C06 /* Debug */,
				EBE40E9924B3C87E00E24C06 /* Release */,
			);
			defaultConfigurationIsVisible = 0;
			defaultConfigurationName = Release;
		};
		EBE40E9A24B3C87E00E24C06 /* Build configuration list for PBXNativeTarget "InstagramUITests" */ = {
			isa = XCConfigurationList;
			buildConfigurations = (
				EBE40E9B24B3C87E00E24C06 /* Debug */,
				EBE40E9C24B3C87E00E24C06 /* Release */,
			);
			defaultConfigurationIsVisible = 0;
			defaultConfigurationName = Release;
		};
/* End XCConfigurationList section */
	};
	rootObject = EBE40E5D24B3C87D00E24C06 /* Project object */;
}
